
Microsoft Visual Studio Solution File, Format Version 12.00
Project("{FAE04EC0-301F-11D3-BF4B-00C04F79EFBC}") = "DistantWorlds2.ModLoader", "DistantWorlds2.ModLoader\DistantWorlds2.ModLoader.csproj", "{7A4CC243-4F61-4AD4-B26D-D85CB545956D}"
EndProject
Project("{FAE04EC0-301F-11D3-BF4B-00C04F79EFBC}") = "ExampleDw2Mod", "ExampleDw2Mod\ExampleDw2Mod.csproj", "{6CB8BEE2-3C6A-4AA5-A9E8-F2646CC46FC2}"
EndProject
Project("{FAE04EC0-301F-11D3-BF4B-00C04F79EFBC}") = "DW2Net6Win", "DW2Net6Win\DW2Net6Win.csproj", "{D4EE9629-EEF7-4CF5-B3AF-56DDADA0EF1E}"
EndProject
Project("{FAE04EC0-301F-11D3-BF4B-00C04F79EFBC}") = "DistantWorlds2.ModLoader.Patches", "DistantWorlds2.ModLoader.Patches\DistantWorlds2.ModLoader.Patches.csproj", "{1B5496FB-4D75-4A19-8B4B-7A87196DC516}"
EndProject
Project("{FAE04EC0-301F-11D3-BF4B-00C04F79EFBC}") = "DistantWorlds2.ModLoader.ModManager", "DistantWorlds2.ModLoader.ModManager\DistantWorlds2.ModLoader.ModManager.csproj", "{C6542792-67F7-4D8D-80DE-F881D6570180}"
EndProject
Project("{FAE04EC0-301F-11D3-BF4B-00C04F79EFBC}") = "DistantWorlds2.ModLoader.Core", "DistantWorlds2.ModLoader.Core\DistantWorlds2.ModLoader.Core.csproj", "{6F52FA74-55A0-4346-BB61-395F1406C257}"
EndProject
Project("{2150E333-8FDC-42A3-9474-1A3956D46DE8}") = "Shared", "Shared", "{CD2A2329-59EB-4CDA-97F8-B37F850E1F87}"
	ProjectSection(SolutionItems) = preProject
		Version.proj = Version.proj
	EndProjectSection
EndProject
Project("{FAE04EC0-301F-11D3-BF4B-00C04F79EFBC}") = "StringToExpression", "StringToExpression\StringToExpression.csproj", "{A2D37325-3D43-4074-9C1C-C4FFB9C1FF30}"
EndProject
Project("{FAE04EC0-301F-11D3-BF4B-00C04F79EFBC}") = "StringToExpression.Test", "StringToExpression.Test\StringToExpression.Test.csproj", "{478A5661-A247-4864-A392-2B9A5C6B9BFF}"
EndProject
Project("{FAE04EC0-301F-11D3-BF4B-00C04F79EFBC}") = "DistantWorlds2.ModLoader.Dsl", "DistantWorlds2.ModLoader.Dsl\DistantWorlds2.ModLoader.Dsl.csproj", "{BD038569-D098-4E24-9BFF-BF3AA0D00C65}"
EndProject
Project("{FAE04EC0-301F-11D3-BF4B-00C04F79EFBC}") = "DistantWorlds2.ModLoader.Utilities", "DistantWorlds2.ModLoader.Utilities\DistantWorlds2.ModLoader.Utilities.csproj", "{2B0ACD17-B15E-4F46-AF8D-D611FCA51642}"
EndProject
Project("{FAE04EC0-301F-11D3-BF4B-00C04F79EFBC}") = "DistantWorlds2.ModLoader.Dsl.Tests", "DistantWorlds2.ModLoader.Dsl.Tests\DistantWorlds2.ModLoader.Dsl.Tests.csproj", "{6634416E-5FDC-4CAE-9586-7B00F7556B13}"
EndProject
Global
	GlobalSection(SolutionConfigurationPlatforms) = preSolution
		Debug|Any CPU = Debug|Any CPU
		Release|Any CPU = Release|Any CPU
	EndGlobalSection
	GlobalSection(ProjectConfigurationPlatforms) = postSolution
		{7A4CC243-4F61-4AD4-B26D-D85CB545956D}.Debug|Any CPU.ActiveCfg = Debug|Any CPU
		{7A4CC243-4F61-4AD4-B26D-D85CB545956D}.Debug|Any CPU.Build.0 = Debug|Any CPU
		{7A4CC243-4F61-4AD4-B26D-D85CB545956D}.Release|Any CPU.ActiveCfg = Release|Any CPU
		{7A4CC243-4F61-4AD4-B26D-D85CB545956D}.Release|Any CPU.Build.0 = Release|Any CPU
		{6CB8BEE2-3C6A-4AA5-A9E8-F2646CC46FC2}.Debug|Any CPU.ActiveCfg = Debug|Any CPU
		{6CB8BEE2-3C6A-4AA5-A9E8-F2646CC46FC2}.Debug|Any CPU.Build.0 = Debug|Any CPU
		{6CB8BEE2-3C6A-4AA5-A9E8-F2646CC46FC2}.Release|Any CPU.ActiveCfg = Release|Any CPU
		{6CB8BEE2-3C6A-4AA5-A9E8-F2646CC46FC2}.Release|Any CPU.Build.0 = Release|Any CPU
		{D4EE9629-EEF7-4CF5-B3AF-56DDADA0EF1E}.Debug|Any CPU.ActiveCfg = Debug|Any CPU
		{D4EE9629-EEF7-4CF5-B3AF-56DDADA0EF1E}.Debug|Any CPU.Build.0 = Debug|Any CPU
		{D4EE9629-EEF7-4CF5-B3AF-56DDADA0EF1E}.Release|Any CPU.ActiveCfg = Release|Any CPU
		{D4EE9629-EEF7-4CF5-B3AF-56DDADA0EF1E}.Release|Any CPU.Build.0 = Release|Any CPU
		{1B5496FB-4D75-4A19-8B4B-7A87196DC516}.Debug|Any CPU.ActiveCfg = Debug|Any CPU
		{1B5496FB-4D75-4A19-8B4B-7A87196DC516}.Debug|Any CPU.Build.0 = Debug|Any CPU
		{1B5496FB-4D75-4A19-8B4B-7A87196DC516}.Release|Any CPU.ActiveCfg = Release|Any CPU
		{1B5496FB-4D75-4A19-8B4B-7A87196DC516}.Release|Any CPU.Build.0 = Release|Any CPU
		{C6542792-67F7-4D8D-80DE-F881D6570180}.Debug|Any CPU.ActiveCfg = Debug|Any CPU
		{C6542792-67F7-4D8D-80DE-F881D6570180}.Debug|Any CPU.Build.0 = Debug|Any CPU
		{C6542792-67F7-4D8D-80DE-F881D6570180}.Release|Any CPU.ActiveCfg = Release|Any CPU
		{C6542792-67F7-4D8D-80DE-F881D6570180}.Release|Any CPU.Build.0 = Release|Any CPU
		{6F52FA74-55A0-4346-BB61-395F1406C257}.Debug|Any CPU.ActiveCfg = Debug|Any CPU
		{6F52FA74-55A0-4346-BB61-395F1406C257}.Debug|Any CPU.Build.0 = Debug|Any CPU
		{6F52FA74-55A0-4346-BB61-395F1406C257}.Release|Any CPU.ActiveCfg = Release|Any CPU
		{6F52FA74-55A0-4346-BB61-395F1406C257}.Release|Any CPU.Build.0 = Release|Any CPU
		{A2D37325-3D43-4074-9C1C-C4FFB9C1FF30}.Debug|Any CPU.ActiveCfg = Debug|Any CPU
		{A2D37325-3D43-4074-9C1C-C4FFB9C1FF30}.Debug|Any CPU.Build.0 = Debug|Any CPU
		{A2D37325-3D43-4074-9C1C-C4FFB9C1FF30}.Release|Any CPU.ActiveCfg = Release|Any CPU
		{A2D37325-3D43-4074-9C1C-C4FFB9C1FF30}.Release|Any CPU.Build.0 = Release|Any CPU
		{478A5661-A247-4864-A392-2B9A5C6B9BFF}.Debug|Any CPU.ActiveCfg = Debug|Any CPU
		{478A5661-A247-4864-A392-2B9A5C6B9BFF}.Debug|Any CPU.Build.0 = Debug|Any CPU
		{478A5661-A247-4864-A392-2B9A5C6B9BFF}.Release|Any CPU.ActiveCfg = Release|Any CPU
		{478A5661-A247-4864-A392-2B9A5C6B9BFF}.Release|Any CPU.Build.0 = Release|Any CPU
		{BD038569-D098-4E24-9BFF-BF3AA0D00C65}.Debug|Any CPU.ActiveCfg = Debug|Any CPU
		{BD038569-D098-4E24-9BFF-BF3AA0D00C65}.Debug|Any CPU.Build.0 = Debug|Any CPU
		{BD038569-D098-4E24-9BFF-BF3AA0D00C65}.Release|Any CPU.ActiveCfg = Release|Any CPU
		{BD038569-D098-4E24-9BFF-BF3AA0D00C65}.Release|Any CPU.Build.0 = Release|Any CPU
		{2B0ACD17-B15E-4F46-AF8D-D611FCA51642}.Debug|Any CPU.ActiveCfg = Debug|Any CPU
		{2B0ACD17-B15E-4F46-AF8D-D611FCA51642}.Debug|Any CPU.Build.0 = Debug|Any CPU
		{2B0ACD17-B15E-4F46-AF8D-D611FCA51642}.Release|Any CPU.ActiveCfg = Release|Any CPU
		{2B0ACD17-B15E-4F46-AF8D-D611FCA51642}.Release|Any CPU.Build.0 = Release|Any CPU
		{6634416E-5FDC-4CAE-9586-7B00F7556B13}.Debug|Any CPU.ActiveCfg = Debug|Any CPU
		{6634416E-5FDC-4CAE-9586-7B00F7556B13}.Debug|Any CPU.Build.0 = Debug|Any CPU
		{6634416E-5FDC-4CAE-9586-7B00F7556B13}.Release|Any CPU.ActiveCfg = Release|Any CPU
		{6634416E-5FDC-4CAE-9586-7B00F7556B13}.Release|Any CPU.Build.0 = Release|Any CPU
	EndGlobalSection
EndGlobal
